
Microsoft Visual Studio Solution File, Format Version 12.00
# Visual Studio 15
VisualStudioVersion = 15.0.28307.852
MinimumVisualStudioVersion = 10.0.40219.1
Project("{FAE04EC0-301F-11D3-BF4B-00C04F79EFBC}") = "Stage_4", "Stage_4\Stage_4.csproj", "{790DA898-8BAD-487C-A9D3-D77BF80D0460}"
EndProject
Project("{FAE04EC0-301F-11D3-BF4B-00C04F79EFBC}") = "ADO.NET_LinkedinProfiles", "ADO.NET_LinkedinProfiles\ADO.NET_LinkedinProfiles.csproj", "{115BC914-DB2E-4343-BBD5-6909BDCF071F}"
EndProject
Project("{FAE04EC0-301F-11D3-BF4B-00C04F79EFBC}") = "EntityFramework_LinkedinProfiles", "EntityFramework_LinkedinProfiles\EntityFramework_LinkedinProfiles.csproj", "{26DD1693-8FE7-44E5-89CF-13068E8FE6CA}"
EndProject
Project("{FAE04EC0-301F-11D3-BF4B-00C04F79EFBC}") = "EF_CodeFirst_University", "EF_CodeFirst_University\EF_CodeFirst_University.csproj", "{36EA5F51-CFE7-4114-A206-3CA66F990150}"
EndProject
Project("{FAE04EC0-301F-11D3-BF4B-00C04F79EFBC}") = "Final_Cinema", "Final_Cinema\Final_Cinema.csproj", "{77C3940E-DDA2-42C8-9DCA-17BD80F085C3}"
EndProject
Global
	GlobalSection(SolutionConfigurationPlatforms) = preSolution
		Debug|Any CPU = Debug|Any CPU
		Release|Any CPU = Release|Any CPU
	EndGlobalSection
	GlobalSection(ProjectConfigurationPlatforms) = postSolution
		{790DA898-8BAD-487C-A9D3-D77BF80D0460}.Debug|Any CPU.ActiveCfg = Debug|Any CPU
		{790DA898-8BAD-487C-A9D3-D77BF80D0460}.Debug|Any CPU.Build.0 = Debug|Any CPU
		{790DA898-8BAD-487C-A9D3-D77BF80D0460}.Release|Any CPU.ActiveCfg = Release|Any CPU
		{790DA898-8BAD-487C-A9D3-D77BF80D0460}.Release|Any CPU.Build.0 = Release|Any CPU
		{115BC914-DB2E-4343-BBD5-6909BDCF071F}.Debug|Any CPU.ActiveCfg = Debug|Any CPU
		{115BC914-DB2E-4343-BBD5-6909BDCF071F}.Debug|Any CPU.Build.0 = Debug|Any CPU
		{115BC914-DB2E-4343-BBD5-6909BDCF071F}.Release|Any CPU.ActiveCfg = Release|Any CPU
		{115BC914-DB2E-4343-BBD5-6909BDCF071F}.Release|Any CPU.Build.0 = Release|Any CPU
		{26DD1693-8FE7-44E5-89CF-13068E8FE6CA}.Debug|Any CPU.ActiveCfg = Debug|Any CPU
		{26DD1693-8FE7-44E5-89CF-13068E8FE6CA}.Debug|Any CPU.Build.0 = Debug|Any CPU
		{26DD1693-8FE7-44E5-89CF-13068E8FE6CA}.Release|Any CPU.ActiveCfg = Release|Any CPU
		{26DD1693-8FE7-44E5-89CF-13068E8FE6CA}.Release|Any CPU.Build.0 = Release|Any CPU
		{36EA5F51-CFE7-4114-A206-3CA66F990150}.Debug|Any CPU.ActiveCfg = Debug|Any CPU
		{36EA5F51-CFE7-4114-A206-3CA66F990150}.Debug|Any CPU.Build.0 = Debug|Any CPU
		{36EA5F51-CFE7-4114-A206-3CA66F990150}.Release|Any CPU.ActiveCfg = Release|Any CPU
		{36EA5F51-CFE7-4114-A206-3CA66F990150}.Release|Any CPU.Build.0 = Release|Any CPU
		{77C3940E-DDA2-42C8-9DCA-17BD80F085C3}.Debug|Any CPU.ActiveCfg = Debug|Any CPU
		{77C3940E-DDA2-42C8-9DCA-17BD80F085C3}.Debug|Any CPU.Build.0 = Debug|Any CPU
		{77C3940E-DDA2-42C8-9DCA-17BD80F085C3}.Release|Any CPU.ActiveCfg = Release|Any CPU
		{77C3940E-DDA2-42C8-9DCA-17BD80F085C3}.Release|Any CPU.Build.0 = Release|Any CPU
	EndGlobalSection
	GlobalSection(SolutionProperties) = preSolution
		HideSolutionNode = FALSE
	EndGlobalSection
	GlobalSection(ExtensibilityGlobals) = postSolution
		SolutionGuid = {D7EC026A-2C3E-4161-A793-63D8CD1978A3}
	EndGlobalSection
EndGlobal
