
Microsoft Visual Studio Solution File, Format Version 12.00
# Visual Studio 15
VisualStudioVersion = 15.0.28010.2036
MinimumVisualStudioVersion = 10.0.40219.1
Project("{FAE04EC0-301F-11D3-BF4B-00C04F79EFBC}") = "Stage_2", "Stage_2\Stage_2.csproj", "{CFC7C9F3-67BC-4487-BE97-0C91F710A652}"
EndProject
Project("{FAE04EC0-301F-11D3-BF4B-00C04F79EFBC}") = "FixedIncome", "FixedIncome\FixedIncome.csproj", "{E221288A-5CEF-410A-9C31-A46E057B0000}"
EndProject
Project("{FAE04EC0-301F-11D3-BF4B-00C04F79EFBC}") = "Hierarchy", "Hierarchy\Hierarchy.csproj", "{E14E3E9C-6C69-4D21-87F4-58B31A068CEE}"
EndProject
Project("{FAE04EC0-301F-11D3-BF4B-00C04F79EFBC}") = "NestedClasses", "NestedClasses\NestedClasses.csproj", "{A2CCB29A-AA4D-4DDB-A0C2-707F5AE466C1}"
EndProject
Project("{FAE04EC0-301F-11D3-BF4B-00C04F79EFBC}") = "AbstractFinancialClass", "AbstractFinancialClass\AbstractFinancialClass.csproj", "{7DDF43D5-E21D-48E1-9280-C1F15338C74D}"
EndProject
Project("{FAE04EC0-301F-11D3-BF4B-00C04F79EFBC}") = "BasicInterfaces", "BasicInterfaces\BasicInterfaces.csproj", "{4CBA660E-1F81-48D9-80F6-032FB802B846}"
EndProject
Project("{FAE04EC0-301F-11D3-BF4B-00C04F79EFBC}") = "ComplexNumbers_struct", "ComplexNumbers\ComplexNumbers_struct.csproj", "{325117F7-1929-489D-92DE-8B78356B7B10}"
EndProject
Project("{FAE04EC0-301F-11D3-BF4B-00C04F79EFBC}") = "Event_MathOperations", "Event_MathOperations\Event_MathOperations.csproj", "{35A2AE90-19CF-4E91-BF9A-F14E5BA9A396}"
EndProject
Project("{FAE04EC0-301F-11D3-BF4B-00C04F79EFBC}") = "Generics_ConverterToString", "Generics_ConverterToString\Generics_ConverterToString.csproj", "{44A8D005-4724-4F42-8D6A-53B4DADFAE23}"
EndProject
Project("{FAE04EC0-301F-11D3-BF4B-00C04F79EFBC}") = "LINQ", "LINQ\LINQ.csproj", "{B60D987C-81E1-4385-8C8C-BF3DC3510C4C}"
EndProject
Project("{FAE04EC0-301F-11D3-BF4B-00C04F79EFBC}") = "OperatorsOverloading", "OperatorsOverloading\OperatorsOverloading.csproj", "{2AEE87AF-FB3A-48F2-97C2-C90B9D31387F}"
EndProject
Project("{FAE04EC0-301F-11D3-BF4B-00C04F79EFBC}") = "IndexerForList", "IndexerForList\IndexerForList.csproj", "{C0B2A2AB-7858-4F39-9557-5238C3F71833}"
EndProject
Project("{FAE04EC0-301F-11D3-BF4B-00C04F79EFBC}") = "MethodExtension", "MethodExtension\MethodExtension.csproj", "{35B59071-7AB4-4400-B2A4-78F5186A24C9}"
EndProject
Project("{FAE04EC0-301F-11D3-BF4B-00C04F79EFBC}") = "StringMethods", "StringMethods\StringMethods.csproj", "{0ABDEAB9-81B9-45DA-9704-36F1CB05399B}"
EndProject
Project("{FAE04EC0-301F-11D3-BF4B-00C04F79EFBC}") = "ComplexNumbers", "ComplexNumber\ComplexNumbers.csproj", "{1BA58298-56D3-46E5-88CA-217518D2DE29}"
EndProject
Project("{FAE04EC0-301F-11D3-BF4B-00C04F79EFBC}") = "ValidParentheses", "ValidParentheses\ValidParentheses.csproj", "{A037749B-F0D5-4575-93EF-FA5133108459}"
EndProject
Project("{FAE04EC0-301F-11D3-BF4B-00C04F79EFBC}") = "Interfaces_PlaybackAndRecording", "Interfaces_PlaybackAndRecording\Interfaces_PlaybackAndRecording.csproj", "{16D9D263-F0D1-4A89-BB26-D8106A88EF04}"
EndProject
Project("{FAE04EC0-301F-11D3-BF4B-00C04F79EFBC}") = "Abstraction_FileHandling", "Abstraction_FileHandling\Abstraction_FileHandling.csproj", "{69EB0221-E82C-40E9-9B65-1A273D6FC90F}"
EndProject
Project("{FAE04EC0-301F-11D3-BF4B-00C04F79EFBC}") = "Structures_3DPoint", "Structures_3DPoint\Structures_3DPoint.csproj", "{EF200220-0F0A-4D95-A3DD-8CFFFE3B9E33}"
EndProject
Project("{FAE04EC0-301F-11D3-BF4B-00C04F79EFBC}") = "ObjectMethodsOverriding", "ObjectMethodsOverriding\ObjectMethodsOverriding.csproj", "{BF4AFCDA-3968-4134-AE46-237B7433E42C}"
EndProject
Project("{FAE04EC0-301F-11D3-BF4B-00C04F79EFBC}") = "StaticVsInstanceConstructors", "StaticVsInstanceConstructors\StaticVsInstanceConstructors.csproj", "{9D579459-F5DB-402F-B646-1CAB4226F1D9}"
EndProject
Project("{FAE04EC0-301F-11D3-BF4B-00C04F79EFBC}") = "CustomException", "CustomException\CustomException.csproj", "{7F940031-85D8-420B-A0A1-7C8ED9508082}"
EndProject
Global
	GlobalSection(SolutionConfigurationPlatforms) = preSolution
		Debug|Any CPU = Debug|Any CPU
		Release|Any CPU = Release|Any CPU
	EndGlobalSection
	GlobalSection(ProjectConfigurationPlatforms) = postSolution
		{CFC7C9F3-67BC-4487-BE97-0C91F710A652}.Debug|Any CPU.ActiveCfg = Debug|Any CPU
		{CFC7C9F3-67BC-4487-BE97-0C91F710A652}.Debug|Any CPU.Build.0 = Debug|Any CPU
		{CFC7C9F3-67BC-4487-BE97-0C91F710A652}.Release|Any CPU.ActiveCfg = Release|Any CPU
		{CFC7C9F3-67BC-4487-BE97-0C91F710A652}.Release|Any CPU.Build.0 = Release|Any CPU
		{E221288A-5CEF-410A-9C31-A46E057B0000}.Debug|Any CPU.ActiveCfg = Debug|Any CPU
		{E221288A-5CEF-410A-9C31-A46E057B0000}.Debug|Any CPU.Build.0 = Debug|Any CPU
		{E221288A-5CEF-410A-9C31-A46E057B0000}.Release|Any CPU.ActiveCfg = Release|Any CPU
		{E221288A-5CEF-410A-9C31-A46E057B0000}.Release|Any CPU.Build.0 = Release|Any CPU
		{E14E3E9C-6C69-4D21-87F4-58B31A068CEE}.Debug|Any CPU.ActiveCfg = Debug|Any CPU
		{E14E3E9C-6C69-4D21-87F4-58B31A068CEE}.Debug|Any CPU.Build.0 = Debug|Any CPU
		{E14E3E9C-6C69-4D21-87F4-58B31A068CEE}.Release|Any CPU.ActiveCfg = Release|Any CPU
		{E14E3E9C-6C69-4D21-87F4-58B31A068CEE}.Release|Any CPU.Build.0 = Release|Any CPU
		{A2CCB29A-AA4D-4DDB-A0C2-707F5AE466C1}.Debug|Any CPU.ActiveCfg = Debug|Any CPU
		{A2CCB29A-AA4D-4DDB-A0C2-707F5AE466C1}.Debug|Any CPU.Build.0 = Debug|Any CPU
		{A2CCB29A-AA4D-4DDB-A0C2-707F5AE466C1}.Release|Any CPU.ActiveCfg = Release|Any CPU
		{A2CCB29A-AA4D-4DDB-A0C2-707F5AE466C1}.Release|Any CPU.Build.0 = Release|Any CPU
		{7DDF43D5-E21D-48E1-9280-C1F15338C74D}.Debug|Any CPU.ActiveCfg = Debug|Any CPU
		{7DDF43D5-E21D-48E1-9280-C1F15338C74D}.Debug|Any CPU.Build.0 = Debug|Any CPU
		{7DDF43D5-E21D-48E1-9280-C1F15338C74D}.Release|Any CPU.ActiveCfg = Release|Any CPU
		{7DDF43D5-E21D-48E1-9280-C1F15338C74D}.Release|Any CPU.Build.0 = Release|Any CPU
		{4CBA660E-1F81-48D9-80F6-032FB802B846}.Debug|Any CPU.ActiveCfg = Debug|Any CPU
		{4CBA660E-1F81-48D9-80F6-032FB802B846}.Debug|Any CPU.Build.0 = Debug|Any CPU
		{4CBA660E-1F81-48D9-80F6-032FB802B846}.Release|Any CPU.ActiveCfg = Release|Any CPU
		{4CBA660E-1F81-48D9-80F6-032FB802B846}.Release|Any CPU.Build.0 = Release|Any CPU
		{325117F7-1929-489D-92DE-8B78356B7B10}.Debug|Any CPU.ActiveCfg = Debug|Any CPU
		{325117F7-1929-489D-92DE-8B78356B7B10}.Debug|Any CPU.Build.0 = Debug|Any CPU
		{325117F7-1929-489D-92DE-8B78356B7B10}.Release|Any CPU.ActiveCfg = Release|Any CPU
		{325117F7-1929-489D-92DE-8B78356B7B10}.Release|Any CPU.Build.0 = Release|Any CPU
		{35A2AE90-19CF-4E91-BF9A-F14E5BA9A396}.Debug|Any CPU.ActiveCfg = Debug|Any CPU
		{35A2AE90-19CF-4E91-BF9A-F14E5BA9A396}.Debug|Any CPU.Build.0 = Debug|Any CPU
		{35A2AE90-19CF-4E91-BF9A-F14E5BA9A396}.Release|Any CPU.ActiveCfg = Release|Any CPU
		{35A2AE90-19CF-4E91-BF9A-F14E5BA9A396}.Release|Any CPU.Build.0 = Release|Any CPU
		{44A8D005-4724-4F42-8D6A-53B4DADFAE23}.Debug|Any CPU.ActiveCfg = Debug|Any CPU
		{44A8D005-4724-4F42-8D6A-53B4DADFAE23}.Debug|Any CPU.Build.0 = Debug|Any CPU
		{44A8D005-4724-4F42-8D6A-53B4DADFAE23}.Release|Any CPU.ActiveCfg = Release|Any CPU
		{44A8D005-4724-4F42-8D6A-53B4DADFAE23}.Release|Any CPU.Build.0 = Release|Any CPU
		{B60D987C-81E1-4385-8C8C-BF3DC3510C4C}.Debug|Any CPU.ActiveCfg = Debug|Any CPU
		{B60D987C-81E1-4385-8C8C-BF3DC3510C4C}.Debug|Any CPU.Build.0 = Debug|Any CPU
		{B60D987C-81E1-4385-8C8C-BF3DC3510C4C}.Release|Any CPU.ActiveCfg = Release|Any CPU
		{B60D987C-81E1-4385-8C8C-BF3DC3510C4C}.Release|Any CPU.Build.0 = Release|Any CPU
		{2AEE87AF-FB3A-48F2-97C2-C90B9D31387F}.Debug|Any CPU.ActiveCfg = Debug|Any CPU
		{2AEE87AF-FB3A-48F2-97C2-C90B9D31387F}.Debug|Any CPU.Build.0 = Debug|Any CPU
		{2AEE87AF-FB3A-48F2-97C2-C90B9D31387F}.Release|Any CPU.ActiveCfg = Release|Any CPU
		{2AEE87AF-FB3A-48F2-97C2-C90B9D31387F}.Release|Any CPU.Build.0 = Release|Any CPU
		{C0B2A2AB-7858-4F39-9557-5238C3F71833}.Debug|Any CPU.ActiveCfg = Debug|Any CPU
		{C0B2A2AB-7858-4F39-9557-5238C3F71833}.Debug|Any CPU.Build.0 = Debug|Any CPU
		{C0B2A2AB-7858-4F39-9557-5238C3F71833}.Release|Any CPU.ActiveCfg = Release|Any CPU
		{C0B2A2AB-7858-4F39-9557-5238C3F71833}.Release|Any CPU.Build.0 = Release|Any CPU
		{35B59071-7AB4-4400-B2A4-78F5186A24C9}.Debug|Any CPU.ActiveCfg = Debug|Any CPU
		{35B59071-7AB4-4400-B2A4-78F5186A24C9}.Debug|Any CPU.Build.0 = Debug|Any CPU
		{35B59071-7AB4-4400-B2A4-78F5186A24C9}.Release|Any CPU.ActiveCfg = Release|Any CPU
		{35B59071-7AB4-4400-B2A4-78F5186A24C9}.Release|Any CPU.Build.0 = Release|Any CPU
		{0ABDEAB9-81B9-45DA-9704-36F1CB05399B}.Debug|Any CPU.ActiveCfg = Debug|Any CPU
		{0ABDEAB9-81B9-45DA-9704-36F1CB05399B}.Debug|Any CPU.Build.0 = Debug|Any CPU
		{0ABDEAB9-81B9-45DA-9704-36F1CB05399B}.Release|Any CPU.ActiveCfg = Release|Any CPU
		{0ABDEAB9-81B9-45DA-9704-36F1CB05399B}.Release|Any CPU.Build.0 = Release|Any CPU
		{1BA58298-56D3-46E5-88CA-217518D2DE29}.Debug|Any CPU.ActiveCfg = Debug|Any CPU
		{1BA58298-56D3-46E5-88CA-217518D2DE29}.Debug|Any CPU.Build.0 = Debug|Any CPU
		{1BA58298-56D3-46E5-88CA-217518D2DE29}.Release|Any CPU.ActiveCfg = Release|Any CPU
		{1BA58298-56D3-46E5-88CA-217518D2DE29}.Release|Any CPU.Build.0 = Release|Any CPU
		{A037749B-F0D5-4575-93EF-FA5133108459}.Debug|Any CPU.ActiveCfg = Debug|Any CPU
		{A037749B-F0D5-4575-93EF-FA5133108459}.Debug|Any CPU.Build.0 = Debug|Any CPU
		{A037749B-F0D5-4575-93EF-FA5133108459}.Release|Any CPU.ActiveCfg = Release|Any CPU
		{A037749B-F0D5-4575-93EF-FA5133108459}.Release|Any CPU.Build.0 = Release|Any CPU
		{16D9D263-F0D1-4A89-BB26-D8106A88EF04}.Debug|Any CPU.ActiveCfg = Debug|Any CPU
		{16D9D263-F0D1-4A89-BB26-D8106A88EF04}.Debug|Any CPU.Build.0 = Debug|Any CPU
		{16D9D263-F0D1-4A89-BB26-D8106A88EF04}.Release|Any CPU.ActiveCfg = Release|Any CPU
		{16D9D263-F0D1-4A89-BB26-D8106A88EF04}.Release|Any CPU.Build.0 = Release|Any CPU
		{69EB0221-E82C-40E9-9B65-1A273D6FC90F}.Debug|Any CPU.ActiveCfg = Debug|Any CPU
		{69EB0221-E82C-40E9-9B65-1A273D6FC90F}.Debug|Any CPU.Build.0 = Debug|Any CPU
		{69EB0221-E82C-40E9-9B65-1A273D6FC90F}.Release|Any CPU.ActiveCfg = Release|Any CPU
		{69EB0221-E82C-40E9-9B65-1A273D6FC90F}.Release|Any CPU.Build.0 = Release|Any CPU
		{EF200220-0F0A-4D95-A3DD-8CFFFE3B9E33}.Debug|Any CPU.ActiveCfg = Debug|Any CPU
		{EF200220-0F0A-4D95-A3DD-8CFFFE3B9E33}.Debug|Any CPU.Build.0 = Debug|Any CPU
		{EF200220-0F0A-4D95-A3DD-8CFFFE3B9E33}.Release|Any CPU.ActiveCfg = Release|Any CPU
		{EF200220-0F0A-4D95-A3DD-8CFFFE3B9E33}.Release|Any CPU.Build.0 = Release|Any CPU
		{BF4AFCDA-3968-4134-AE46-237B7433E42C}.Debug|Any CPU.ActiveCfg = Debug|Any CPU
		{BF4AFCDA-3968-4134-AE46-237B7433E42C}.Debug|Any CPU.Build.0 = Debug|Any CPU
		{BF4AFCDA-3968-4134-AE46-237B7433E42C}.Release|Any CPU.ActiveCfg = Release|Any CPU
		{BF4AFCDA-3968-4134-AE46-237B7433E42C}.Release|Any CPU.Build.0 = Release|Any CPU
		{9D579459-F5DB-402F-B646-1CAB4226F1D9}.Debug|Any CPU.ActiveCfg = Debug|Any CPU
		{9D579459-F5DB-402F-B646-1CAB4226F1D9}.Debug|Any CPU.Build.0 = Debug|Any CPU
		{9D579459-F5DB-402F-B646-1CAB4226F1D9}.Release|Any CPU.ActiveCfg = Release|Any CPU
		{9D579459-F5DB-402F-B646-1CAB4226F1D9}.Release|Any CPU.Build.0 = Release|Any CPU
		{7F940031-85D8-420B-A0A1-7C8ED9508082}.Debug|Any CPU.ActiveCfg = Debug|Any CPU
		{7F940031-85D8-420B-A0A1-7C8ED9508082}.Debug|Any CPU.Build.0 = Debug|Any CPU
		{7F940031-85D8-420B-A0A1-7C8ED9508082}.Release|Any CPU.ActiveCfg = Release|Any CPU
		{7F940031-85D8-420B-A0A1-7C8ED9508082}.Release|Any CPU.Build.0 = Release|Any CPU
	EndGlobalSection
	GlobalSection(SolutionProperties) = preSolution
		HideSolutionNode = FALSE
	EndGlobalSection
	GlobalSection(ExtensibilityGlobals) = postSolution
		SolutionGuid = {AB010EB7-D78B-4AE7-8D7F-80BAD1D0DA1F}
	EndGlobalSection
EndGlobal
