
Microsoft Visual Studio Solution File, Format Version 12.00
# Visual Studio 15
VisualStudioVersion = 15.0.28010.2036
MinimumVisualStudioVersion = 10.0.40219.1
Project("{FAE04EC0-301F-11D3-BF4B-00C04F79EFBC}") = "Stage_2", "Stage_2\Stage_2.csproj", "{CFC7C9F3-67BC-4487-BE97-0C91F710A652}"
EndProject
Project("{FAE04EC0-301F-11D3-BF4B-00C04F79EFBC}") = "HumanClass", "HumanClass\HumanClass.csproj", "{3AC4B27A-E99C-4D97-B50D-DB1AC6E003DE}"
EndProject
Project("{FAE04EC0-301F-11D3-BF4B-00C04F79EFBC}") = "FixedIncome", "FixedIncome\FixedIncome.csproj", "{E221288A-5CEF-410A-9C31-A46E057B0000}"
EndProject
Project("{FAE04EC0-301F-11D3-BF4B-00C04F79EFBC}") = "Hierarchy", "Hierarchy\Hierarchy.csproj", "{E14E3E9C-6C69-4D21-87F4-58B31A068CEE}"
EndProject
Global
	GlobalSection(SolutionConfigurationPlatforms) = preSolution
		Debug|Any CPU = Debug|Any CPU
		Release|Any CPU = Release|Any CPU
	EndGlobalSection
	GlobalSection(ProjectConfigurationPlatforms) = postSolution
		{CFC7C9F3-67BC-4487-BE97-0C91F710A652}.Debug|Any CPU.ActiveCfg = Debug|Any CPU
		{CFC7C9F3-67BC-4487-BE97-0C91F710A652}.Debug|Any CPU.Build.0 = Debug|Any CPU
		{CFC7C9F3-67BC-4487-BE97-0C91F710A652}.Release|Any CPU.ActiveCfg = Release|Any CPU
		{CFC7C9F3-67BC-4487-BE97-0C91F710A652}.Release|Any CPU.Build.0 = Release|Any CPU
		{3AC4B27A-E99C-4D97-B50D-DB1AC6E003DE}.Debug|Any CPU.ActiveCfg = Debug|Any CPU
		{3AC4B27A-E99C-4D97-B50D-DB1AC6E003DE}.Debug|Any CPU.Build.0 = Debug|Any CPU
		{3AC4B27A-E99C-4D97-B50D-DB1AC6E003DE}.Release|Any CPU.ActiveCfg = Release|Any CPU
		{3AC4B27A-E99C-4D97-B50D-DB1AC6E003DE}.Release|Any CPU.Build.0 = Release|Any CPU
		{E221288A-5CEF-410A-9C31-A46E057B0000}.Debug|Any CPU.ActiveCfg = Debug|Any CPU
		{E221288A-5CEF-410A-9C31-A46E057B0000}.Debug|Any CPU.Build.0 = Debug|Any CPU
		{E221288A-5CEF-410A-9C31-A46E057B0000}.Release|Any CPU.ActiveCfg = Release|Any CPU
		{E221288A-5CEF-410A-9C31-A46E057B0000}.Release|Any CPU.Build.0 = Release|Any CPU
		{E14E3E9C-6C69-4D21-87F4-58B31A068CEE}.Debug|Any CPU.ActiveCfg = Debug|Any CPU
		{E14E3E9C-6C69-4D21-87F4-58B31A068CEE}.Debug|Any CPU.Build.0 = Debug|Any CPU
		{E14E3E9C-6C69-4D21-87F4-58B31A068CEE}.Release|Any CPU.ActiveCfg = Release|Any CPU
		{E14E3E9C-6C69-4D21-87F4-58B31A068CEE}.Release|Any CPU.Build.0 = Release|Any CPU
	EndGlobalSection
	GlobalSection(SolutionProperties) = preSolution
		HideSolutionNode = FALSE
	EndGlobalSection
	GlobalSection(ExtensibilityGlobals) = postSolution
		SolutionGuid = {AB010EB7-D78B-4AE7-8D7F-80BAD1D0DA1F}
	EndGlobalSection
EndGlobal
