
Microsoft Visual Studio Solution File, Format Version 12.00
# Visual Studio 15
VisualStudioVersion = 15.0.28010.2036
MinimumVisualStudioVersion = 10.0.40219.1
Project("{FAE04EC0-301F-11D3-BF4B-00C04F79EFBC}") = "Stage_2", "Stage_2\Stage_2.csproj", "{CFC7C9F3-67BC-4487-BE97-0C91F710A652}"
EndProject
Project("{FAE04EC0-301F-11D3-BF4B-00C04F79EFBC}") = "HumanClass_adjusted", "HumanClass\HumanClass_adjusted.csproj", "{3AC4B27A-E99C-4D97-B50D-DB1AC6E003DE}"
EndProject
Project("{FAE04EC0-301F-11D3-BF4B-00C04F79EFBC}") = "FixedIncome", "FixedIncome\FixedIncome.csproj", "{E221288A-5CEF-410A-9C31-A46E057B0000}"
EndProject
Project("{FAE04EC0-301F-11D3-BF4B-00C04F79EFBC}") = "Hierarchy", "Hierarchy\Hierarchy.csproj", "{E14E3E9C-6C69-4D21-87F4-58B31A068CEE}"
EndProject
Project("{FAE04EC0-301F-11D3-BF4B-00C04F79EFBC}") = "HumanClass_base", "HumanClass_base\HumanClass_base.csproj", "{3298A36E-1482-4129-BA26-DC4D4EF034D3}"
EndProject
Project("{FAE04EC0-301F-11D3-BF4B-00C04F79EFBC}") = "NestedClasses", "NestedClasses\NestedClasses.csproj", "{A2CCB29A-AA4D-4DDB-A0C2-707F5AE466C1}"
EndProject
Project("{FAE04EC0-301F-11D3-BF4B-00C04F79EFBC}") = "AbstractFinancialClass", "AbstractFinancialClass\AbstractFinancialClass.csproj", "{7DDF43D5-E21D-48E1-9280-C1F15338C74D}"
EndProject
Project("{FAE04EC0-301F-11D3-BF4B-00C04F79EFBC}") = "BasicInterfaces", "BasicInterfaces\BasicInterfaces.csproj", "{4CBA660E-1F81-48D9-80F6-032FB802B846}"
EndProject
Project("{FAE04EC0-301F-11D3-BF4B-00C04F79EFBC}") = "ComplexNumbers", "ComplexNumbers\ComplexNumbers.csproj", "{325117F7-1929-489D-92DE-8B78356B7B10}"
EndProject
Project("{FAE04EC0-301F-11D3-BF4B-00C04F79EFBC}") = "Event_MathOperations", "Event_MathOperations\Event_MathOperations.csproj", "{35A2AE90-19CF-4E91-BF9A-F14E5BA9A396}"
EndProject
Project("{FAE04EC0-301F-11D3-BF4B-00C04F79EFBC}") = "Generics_ConverterToString", "Generics_ConverterToString\Generics_ConverterToString.csproj", "{44A8D005-4724-4F42-8D6A-53B4DADFAE23}"
EndProject
Project("{FAE04EC0-301F-11D3-BF4B-00C04F79EFBC}") = "LINQ", "LINQ\LINQ.csproj", "{B60D987C-81E1-4385-8C8C-BF3DC3510C4C}"
EndProject
Global
	GlobalSection(SolutionConfigurationPlatforms) = preSolution
		Debug|Any CPU = Debug|Any CPU
		Release|Any CPU = Release|Any CPU
	EndGlobalSection
	GlobalSection(ProjectConfigurationPlatforms) = postSolution
		{CFC7C9F3-67BC-4487-BE97-0C91F710A652}.Debug|Any CPU.ActiveCfg = Debug|Any CPU
		{CFC7C9F3-67BC-4487-BE97-0C91F710A652}.Debug|Any CPU.Build.0 = Debug|Any CPU
		{CFC7C9F3-67BC-4487-BE97-0C91F710A652}.Release|Any CPU.ActiveCfg = Release|Any CPU
		{CFC7C9F3-67BC-4487-BE97-0C91F710A652}.Release|Any CPU.Build.0 = Release|Any CPU
		{3AC4B27A-E99C-4D97-B50D-DB1AC6E003DE}.Debug|Any CPU.ActiveCfg = Debug|Any CPU
		{3AC4B27A-E99C-4D97-B50D-DB1AC6E003DE}.Debug|Any CPU.Build.0 = Debug|Any CPU
		{3AC4B27A-E99C-4D97-B50D-DB1AC6E003DE}.Release|Any CPU.ActiveCfg = Release|Any CPU
		{3AC4B27A-E99C-4D97-B50D-DB1AC6E003DE}.Release|Any CPU.Build.0 = Release|Any CPU
		{E221288A-5CEF-410A-9C31-A46E057B0000}.Debug|Any CPU.ActiveCfg = Debug|Any CPU
		{E221288A-5CEF-410A-9C31-A46E057B0000}.Debug|Any CPU.Build.0 = Debug|Any CPU
		{E221288A-5CEF-410A-9C31-A46E057B0000}.Release|Any CPU.ActiveCfg = Release|Any CPU
		{E221288A-5CEF-410A-9C31-A46E057B0000}.Release|Any CPU.Build.0 = Release|Any CPU
		{E14E3E9C-6C69-4D21-87F4-58B31A068CEE}.Debug|Any CPU.ActiveCfg = Debug|Any CPU
		{E14E3E9C-6C69-4D21-87F4-58B31A068CEE}.Debug|Any CPU.Build.0 = Debug|Any CPU
		{E14E3E9C-6C69-4D21-87F4-58B31A068CEE}.Release|Any CPU.ActiveCfg = Release|Any CPU
		{E14E3E9C-6C69-4D21-87F4-58B31A068CEE}.Release|Any CPU.Build.0 = Release|Any CPU
		{3298A36E-1482-4129-BA26-DC4D4EF034D3}.Debug|Any CPU.ActiveCfg = Debug|Any CPU
		{3298A36E-1482-4129-BA26-DC4D4EF034D3}.Debug|Any CPU.Build.0 = Debug|Any CPU
		{3298A36E-1482-4129-BA26-DC4D4EF034D3}.Release|Any CPU.ActiveCfg = Release|Any CPU
		{3298A36E-1482-4129-BA26-DC4D4EF034D3}.Release|Any CPU.Build.0 = Release|Any CPU
		{A2CCB29A-AA4D-4DDB-A0C2-707F5AE466C1}.Debug|Any CPU.ActiveCfg = Debug|Any CPU
		{A2CCB29A-AA4D-4DDB-A0C2-707F5AE466C1}.Debug|Any CPU.Build.0 = Debug|Any CPU
		{A2CCB29A-AA4D-4DDB-A0C2-707F5AE466C1}.Release|Any CPU.ActiveCfg = Release|Any CPU
		{A2CCB29A-AA4D-4DDB-A0C2-707F5AE466C1}.Release|Any CPU.Build.0 = Release|Any CPU
		{7DDF43D5-E21D-48E1-9280-C1F15338C74D}.Debug|Any CPU.ActiveCfg = Debug|Any CPU
		{7DDF43D5-E21D-48E1-9280-C1F15338C74D}.Debug|Any CPU.Build.0 = Debug|Any CPU
		{7DDF43D5-E21D-48E1-9280-C1F15338C74D}.Release|Any CPU.ActiveCfg = Release|Any CPU
		{7DDF43D5-E21D-48E1-9280-C1F15338C74D}.Release|Any CPU.Build.0 = Release|Any CPU
		{4CBA660E-1F81-48D9-80F6-032FB802B846}.Debug|Any CPU.ActiveCfg = Debug|Any CPU
		{4CBA660E-1F81-48D9-80F6-032FB802B846}.Debug|Any CPU.Build.0 = Debug|Any CPU
		{4CBA660E-1F81-48D9-80F6-032FB802B846}.Release|Any CPU.ActiveCfg = Release|Any CPU
		{4CBA660E-1F81-48D9-80F6-032FB802B846}.Release|Any CPU.Build.0 = Release|Any CPU
		{325117F7-1929-489D-92DE-8B78356B7B10}.Debug|Any CPU.ActiveCfg = Debug|Any CPU
		{325117F7-1929-489D-92DE-8B78356B7B10}.Debug|Any CPU.Build.0 = Debug|Any CPU
		{325117F7-1929-489D-92DE-8B78356B7B10}.Release|Any CPU.ActiveCfg = Release|Any CPU
		{325117F7-1929-489D-92DE-8B78356B7B10}.Release|Any CPU.Build.0 = Release|Any CPU
		{35A2AE90-19CF-4E91-BF9A-F14E5BA9A396}.Debug|Any CPU.ActiveCfg = Debug|Any CPU
		{35A2AE90-19CF-4E91-BF9A-F14E5BA9A396}.Debug|Any CPU.Build.0 = Debug|Any CPU
		{35A2AE90-19CF-4E91-BF9A-F14E5BA9A396}.Release|Any CPU.ActiveCfg = Release|Any CPU
		{35A2AE90-19CF-4E91-BF9A-F14E5BA9A396}.Release|Any CPU.Build.0 = Release|Any CPU
		{44A8D005-4724-4F42-8D6A-53B4DADFAE23}.Debug|Any CPU.ActiveCfg = Debug|Any CPU
		{44A8D005-4724-4F42-8D6A-53B4DADFAE23}.Debug|Any CPU.Build.0 = Debug|Any CPU
		{44A8D005-4724-4F42-8D6A-53B4DADFAE23}.Release|Any CPU.ActiveCfg = Release|Any CPU
		{44A8D005-4724-4F42-8D6A-53B4DADFAE23}.Release|Any CPU.Build.0 = Release|Any CPU
		{B60D987C-81E1-4385-8C8C-BF3DC3510C4C}.Debug|Any CPU.ActiveCfg = Debug|Any CPU
		{B60D987C-81E1-4385-8C8C-BF3DC3510C4C}.Debug|Any CPU.Build.0 = Debug|Any CPU
		{B60D987C-81E1-4385-8C8C-BF3DC3510C4C}.Release|Any CPU.ActiveCfg = Release|Any CPU
		{B60D987C-81E1-4385-8C8C-BF3DC3510C4C}.Release|Any CPU.Build.0 = Release|Any CPU
	EndGlobalSection
	GlobalSection(SolutionProperties) = preSolution
		HideSolutionNode = FALSE
	EndGlobalSection
	GlobalSection(ExtensibilityGlobals) = postSolution
		SolutionGuid = {AB010EB7-D78B-4AE7-8D7F-80BAD1D0DA1F}
	EndGlobalSection
EndGlobal
