
Microsoft Visual Studio Solution File, Format Version 12.00
# Visual Studio 15
VisualStudioVersion = 15.0.28307.102
MinimumVisualStudioVersion = 10.0.40219.1
Project("{FAE04EC0-301F-11D3-BF4B-00C04F79EFBC}") = "Stage_3", "Stage_3\Stage_3.csproj", "{D4759BB6-3AB4-41F6-8214-6085C6B06B13}"
EndProject
Project("{FAE04EC0-301F-11D3-BF4B-00C04F79EFBC}") = "LatinArmConverter", "LatinArmConverter\LatinArmConverter.csproj", "{BA720635-538C-4AA0-93FC-AB3ECC2FA1DC}"
EndProject
Project("{FAE04EC0-301F-11D3-BF4B-00C04F79EFBC}") = "FileSystem", "FileSystem\FileSystem.csproj", "{33350BEC-D168-4177-85DE-2FEFD87A852B}"
EndProject
Project("{FAE04EC0-301F-11D3-BF4B-00C04F79EFBC}") = "PrintingAllFiles", "PrintingAllFiles\PrintingAllFiles.csproj", "{862BEBAE-CE2B-4190-B8C7-6EF03959A7ED}"
EndProject
Project("{FAE04EC0-301F-11D3-BF4B-00C04F79EFBC}") = "Brackets", "Brackets\Brackets.csproj", "{D931907B-76BE-42C6-9E63-3DC8588BD4BD}"
EndProject
Project("{FAE04EC0-301F-11D3-BF4B-00C04F79EFBC}") = "FinInstrumentsCollection", "FinInstrumentsCollection\FinInstrumentsCollection.csproj", "{21A8BC79-2230-4E78-984D-F86DC7DA36E6}"
EndProject
Project("{FAE04EC0-301F-11D3-BF4B-00C04F79EFBC}") = "Serialization_Deserialization", "Serialization_Deserialization\Serialization_Deserialization.csproj", "{17B409A5-D989-4F78-992F-1DD09DE04465}"
EndProject
Project("{FAE04EC0-301F-11D3-BF4B-00C04F79EFBC}") = "ConfigTypes", "Configuration\ConfigTypes.csproj", "{683089D5-085C-4D92-8AD1-E80772021935}"
EndProject
Project("{FAE04EC0-301F-11D3-BF4B-00C04F79EFBC}") = "ReflectionClassInfo", "ReflectionClassInfo\ReflectionClassInfo.csproj", "{5AE29AB6-04D9-4998-A3DB-F48D5462FC69}"
EndProject
Project("{FAE04EC0-301F-11D3-BF4B-00C04F79EFBC}") = "CustomAttribute", "CustomAttribute\CustomAttribute.csproj", "{4FF336F4-168C-4374-A677-35E6BB664B35}"
EndProject
Project("{FAE04EC0-301F-11D3-BF4B-00C04F79EFBC}") = "NearestNumber", "NearestNumber\NearestNumber.csproj", "{37411623-15B5-4E17-A840-D4F442549A18}"
EndProject
Global
	GlobalSection(SolutionConfigurationPlatforms) = preSolution
		Debug|Any CPU = Debug|Any CPU
		Release|Any CPU = Release|Any CPU
	EndGlobalSection
	GlobalSection(ProjectConfigurationPlatforms) = postSolution
		{D4759BB6-3AB4-41F6-8214-6085C6B06B13}.Debug|Any CPU.ActiveCfg = Debug|Any CPU
		{D4759BB6-3AB4-41F6-8214-6085C6B06B13}.Debug|Any CPU.Build.0 = Debug|Any CPU
		{D4759BB6-3AB4-41F6-8214-6085C6B06B13}.Release|Any CPU.ActiveCfg = Release|Any CPU
		{D4759BB6-3AB4-41F6-8214-6085C6B06B13}.Release|Any CPU.Build.0 = Release|Any CPU
		{BA720635-538C-4AA0-93FC-AB3ECC2FA1DC}.Debug|Any CPU.ActiveCfg = Debug|Any CPU
		{BA720635-538C-4AA0-93FC-AB3ECC2FA1DC}.Debug|Any CPU.Build.0 = Debug|Any CPU
		{BA720635-538C-4AA0-93FC-AB3ECC2FA1DC}.Release|Any CPU.ActiveCfg = Release|Any CPU
		{BA720635-538C-4AA0-93FC-AB3ECC2FA1DC}.Release|Any CPU.Build.0 = Release|Any CPU
		{33350BEC-D168-4177-85DE-2FEFD87A852B}.Debug|Any CPU.ActiveCfg = Debug|Any CPU
		{33350BEC-D168-4177-85DE-2FEFD87A852B}.Debug|Any CPU.Build.0 = Debug|Any CPU
		{33350BEC-D168-4177-85DE-2FEFD87A852B}.Release|Any CPU.ActiveCfg = Release|Any CPU
		{33350BEC-D168-4177-85DE-2FEFD87A852B}.Release|Any CPU.Build.0 = Release|Any CPU
		{862BEBAE-CE2B-4190-B8C7-6EF03959A7ED}.Debug|Any CPU.ActiveCfg = Debug|Any CPU
		{862BEBAE-CE2B-4190-B8C7-6EF03959A7ED}.Debug|Any CPU.Build.0 = Debug|Any CPU
		{862BEBAE-CE2B-4190-B8C7-6EF03959A7ED}.Release|Any CPU.ActiveCfg = Release|Any CPU
		{862BEBAE-CE2B-4190-B8C7-6EF03959A7ED}.Release|Any CPU.Build.0 = Release|Any CPU
		{D931907B-76BE-42C6-9E63-3DC8588BD4BD}.Debug|Any CPU.ActiveCfg = Debug|Any CPU
		{D931907B-76BE-42C6-9E63-3DC8588BD4BD}.Debug|Any CPU.Build.0 = Debug|Any CPU
		{D931907B-76BE-42C6-9E63-3DC8588BD4BD}.Release|Any CPU.ActiveCfg = Release|Any CPU
		{D931907B-76BE-42C6-9E63-3DC8588BD4BD}.Release|Any CPU.Build.0 = Release|Any CPU
		{21A8BC79-2230-4E78-984D-F86DC7DA36E6}.Debug|Any CPU.ActiveCfg = Debug|Any CPU
		{21A8BC79-2230-4E78-984D-F86DC7DA36E6}.Debug|Any CPU.Build.0 = Debug|Any CPU
		{21A8BC79-2230-4E78-984D-F86DC7DA36E6}.Release|Any CPU.ActiveCfg = Release|Any CPU
		{21A8BC79-2230-4E78-984D-F86DC7DA36E6}.Release|Any CPU.Build.0 = Release|Any CPU
		{17B409A5-D989-4F78-992F-1DD09DE04465}.Debug|Any CPU.ActiveCfg = Debug|Any CPU
		{17B409A5-D989-4F78-992F-1DD09DE04465}.Debug|Any CPU.Build.0 = Debug|Any CPU
		{17B409A5-D989-4F78-992F-1DD09DE04465}.Release|Any CPU.ActiveCfg = Release|Any CPU
		{17B409A5-D989-4F78-992F-1DD09DE04465}.Release|Any CPU.Build.0 = Release|Any CPU
		{683089D5-085C-4D92-8AD1-E80772021935}.Debug|Any CPU.ActiveCfg = Debug|Any CPU
		{683089D5-085C-4D92-8AD1-E80772021935}.Debug|Any CPU.Build.0 = Debug|Any CPU
		{683089D5-085C-4D92-8AD1-E80772021935}.Release|Any CPU.ActiveCfg = Release|Any CPU
		{683089D5-085C-4D92-8AD1-E80772021935}.Release|Any CPU.Build.0 = Release|Any CPU
		{5AE29AB6-04D9-4998-A3DB-F48D5462FC69}.Debug|Any CPU.ActiveCfg = Debug|Any CPU
		{5AE29AB6-04D9-4998-A3DB-F48D5462FC69}.Debug|Any CPU.Build.0 = Debug|Any CPU
		{5AE29AB6-04D9-4998-A3DB-F48D5462FC69}.Release|Any CPU.ActiveCfg = Release|Any CPU
		{5AE29AB6-04D9-4998-A3DB-F48D5462FC69}.Release|Any CPU.Build.0 = Release|Any CPU
		{4FF336F4-168C-4374-A677-35E6BB664B35}.Debug|Any CPU.ActiveCfg = Debug|Any CPU
		{4FF336F4-168C-4374-A677-35E6BB664B35}.Debug|Any CPU.Build.0 = Debug|Any CPU
		{4FF336F4-168C-4374-A677-35E6BB664B35}.Release|Any CPU.ActiveCfg = Release|Any CPU
		{4FF336F4-168C-4374-A677-35E6BB664B35}.Release|Any CPU.Build.0 = Release|Any CPU
		{37411623-15B5-4E17-A840-D4F442549A18}.Debug|Any CPU.ActiveCfg = Debug|Any CPU
		{37411623-15B5-4E17-A840-D4F442549A18}.Debug|Any CPU.Build.0 = Debug|Any CPU
		{37411623-15B5-4E17-A840-D4F442549A18}.Release|Any CPU.ActiveCfg = Release|Any CPU
		{37411623-15B5-4E17-A840-D4F442549A18}.Release|Any CPU.Build.0 = Release|Any CPU
	EndGlobalSection
	GlobalSection(SolutionProperties) = preSolution
		HideSolutionNode = FALSE
	EndGlobalSection
	GlobalSection(ExtensibilityGlobals) = postSolution
		SolutionGuid = {92A461AD-30E4-4DAC-9F37-C866BD758F82}
	EndGlobalSection
EndGlobal
