
Microsoft Visual Studio Solution File, Format Version 12.00
# Visual Studio 15
VisualStudioVersion = 15.0.28010.2036
MinimumVisualStudioVersion = 10.0.40219.1
Project("{FAE04EC0-301F-11D3-BF4B-00C04F79EFBC}") = "Homework_2", "Homework_2\Homework_2.csproj", "{794D6869-5F73-4EF7-AC9E-250B974FD5AD}"
EndProject
Project("{FAE04EC0-301F-11D3-BF4B-00C04F79EFBC}") = "Homework_3", "Homework_3\Homework_3.csproj", "{3517E95A-E2C6-4986-B92D-D8507B2CB74E}"
EndProject
Project("{FAE04EC0-301F-11D3-BF4B-00C04F79EFBC}") = "Homework_4_calculator", "Homework_4_calculator\Homework_4_calculator.csproj", "{C95A7F19-89FA-4916-9D2B-9B07252BF73A}"
EndProject
Project("{FAE04EC0-301F-11D3-BF4B-00C04F79EFBC}") = "Homework_6_sumOfDigits", "Homework_6_sumOfDigits\Homework_6_sumOfDigits.csproj", "{A74D3CEF-127E-4F63-B576-EF7287E4058F}"
EndProject
Project("{FAE04EC0-301F-11D3-BF4B-00C04F79EFBC}") = "Homework_5_capitals", "Homework_5_capitals\Homework_5_capitals.csproj", "{23E988F3-9CF1-49C9-B893-728C8BB5332A}"
EndProject
Project("{2150E333-8FDC-42A3-9474-1A3956D46DE8}") = "Homework_7_loops", "Homework_7_loops", "{6C5BD935-04B2-49F3-8AA9-AC8F6E768865}"
EndProject
Project("{FAE04EC0-301F-11D3-BF4B-00C04F79EFBC}") = "Ex_2_typeKNtimes", "Ex_2_typeKNtimes\Ex_2_typeKNtimes.csproj", "{46957B51-E621-463B-A3EF-E1C6D712B525}"
EndProject
Project("{FAE04EC0-301F-11D3-BF4B-00C04F79EFBC}") = "Ex_3_typeAllDigitsNotExceedingn", "Ex_3_typeAllDigitsNotExceedingn\Ex_3_typeAllDigitsNotExceedingn.csproj", "{7A05BEA8-ABC3-4B87-83C3-A0DC77B053C0}"
EndProject
Project("{FAE04EC0-301F-11D3-BF4B-00C04F79EFBC}") = "Ex_4_1to9powerOfn", "Ex_4_1to9powerOfn\Ex_4_1to9powerOfn.csproj", "{ECA9C798-6E46-4850-AC41-ED0D7335A2A4}"
EndProject
Project("{FAE04EC0-301F-11D3-BF4B-00C04F79EFBC}") = "Ex_5_sumOfEvenNumbers", "Ex_5_sumOfEvenNumbers\Ex_5_sumOfEvenNumbers.csproj", "{C9CF1772-550D-45B7-99DD-CF07210A4741}"
EndProject
Project("{FAE04EC0-301F-11D3-BF4B-00C04F79EFBC}") = "Ex_6_wholeNumersAndQuantity", "Ex_6_wholeNumersAndQuantity\Ex_6_wholeNumersAndQuantity.csproj", "{72EE1FBC-A46E-418F-900D-F1B5EF8ECDA3}"
EndProject
Project("{FAE04EC0-301F-11D3-BF4B-00C04F79EFBC}") = "Ex_7_sumOfWholeNumbers", "Ex_7_sumOfWholeNumbers\Ex_7_sumOfWholeNumbers.csproj", "{41BC61CC-9DC8-4729-A4FB-853E3A2C9247}"
EndProject
Project("{FAE04EC0-301F-11D3-BF4B-00C04F79EFBC}") = "Ex_8_firstMultipleOf3", "Ex_8_firstAliquotOf3\Ex_8_firstMultipleOf3.csproj", "{CFF81AFC-5296-47FA-AE44-7ECB72DF44CF}"
EndProject
Project("{FAE04EC0-301F-11D3-BF4B-00C04F79EFBC}") = "Ex_9_sumOfReverse", "Ex_9_sumOfReverse\Ex_9_sumOfReverse.csproj", "{EBCC84B3-E967-467D-B639-AB7E25A064A3}"
EndProject
Project("{FAE04EC0-301F-11D3-BF4B-00C04F79EFBC}") = "Ex_10_sumOfSquare", "Ex_10_sumOfSquare\Ex_10_sumOfSquare.csproj", "{C174014F-96EA-435F-B9DA-7804F6B9C9C6}"
EndProject
Project("{FAE04EC0-301F-11D3-BF4B-00C04F79EFBC}") = "Ex_11_product", "Ex_11_product\Ex_11_product.csproj", "{7354989D-3806-493D-A8EA-0C3A17D5E3E3}"
EndProject
Project("{FAE04EC0-301F-11D3-BF4B-00C04F79EFBC}") = "Ex_12_sumChangingSign", "Ex_12_sumChangingSign\Ex_12_sumChangingSign.csproj", "{DCE8CDE6-D676-4862-8305-E6739D018EA4}"
EndProject
Project("{FAE04EC0-301F-11D3-BF4B-00C04F79EFBC}") = "Ex_13_squareFormula", "Ex_13_squareFormula\Ex_13_squareFormula.csproj", "{C8DAD7F6-A26E-4463-965B-618FA2A3A41D}"
EndProject
Project("{2150E333-8FDC-42A3-9474-1A3956D46DE8}") = "Homework_9_methods", "Homework_9_methods", "{194E52C0-A4C7-4689-BBF6-C1D168885092}"
EndProject
Project("{FAE04EC0-301F-11D3-BF4B-00C04F79EFBC}") = "Ex_16_sumOfDigits", "Ex_16_sumOfDigits\Ex_16_sumOfDigits.csproj", "{6C3D4973-593F-4F77-8348-5F1E97C0859B}"
EndProject
Project("{FAE04EC0-301F-11D3-BF4B-00C04F79EFBC}") = "Ex_17_smallestOddDigit", "Ex_17_smallestOddDigit\Ex_17_smallestOddDigit.csproj", "{8885016E-C971-4996-BB17-98D83479FDA2}"
EndProject
Project("{FAE04EC0-301F-11D3-BF4B-00C04F79EFBC}") = "Ex_18_sumOfOddDigitsExceeding4", "Ex_18_sumOfOddDigitsExceeding4\Ex_18_sumOfOddDigitsExceeding4.csproj", "{EF4C5AF0-F226-41A9-BC51-E0A505BB762C}"
EndProject
Project("{FAE04EC0-301F-11D3-BF4B-00C04F79EFBC}") = "Ex_19_productOfEvenDigitsSubceeding7", "Ex_19_productOfEvenDigitsSubceeding7\Ex_19_productOfEvenDigitsSubceeding7.csproj", "{0E218B24-3539-469F-95BF-7D501810CB98}"
EndProject
Project("{FAE04EC0-301F-11D3-BF4B-00C04F79EFBC}") = "Ex_20_SqureOfDifMaxMinDigits", "Ex_20_SqureOfDifMaxMinDigits\Ex_20_SqureOfDifMaxMinDigits.csproj", "{9EA7A975-4F5B-42C9-AB63-EFDC64AACC63}"
EndProject
Project("{2150E333-8FDC-42A3-9474-1A3956D46DE8}") = "Homework_9_loops_additional", "Homework_9_loops_additional", "{23A90224-1519-40A5-BCF4-59416C441A99}"
EndProject
Project("{FAE04EC0-301F-11D3-BF4B-00C04F79EFBC}") = "Ex_14_twiceSumOfDigits", "Ex_14_doubleSumOfDigits\Ex_14_twiceSumOfDigits.csproj", "{F8D0CCF9-840F-4D36-9AB6-A6E47DCB3258}"
EndProject
Project("{FAE04EC0-301F-11D3-BF4B-00C04F79EFBC}") = "Ex_15_findAll3DigitNumbersWithCondition", "Ex_15_findAll3DigitNumbersWithCondition\Ex_15_findAll3DigitNumbersWithCondition.csproj", "{ECD213BC-4EBA-4DB0-A12B-FE2D460FCF90}"
EndProject
Project("{FAE04EC0-301F-11D3-BF4B-00C04F79EFBC}") = "Ex_21_allDivisors", "Ex_21_allAliquots\Ex_21_allDivisors.csproj", "{452152BA-3A48-4CF3-915E-20618273FF75}"
EndProject
Project("{FAE04EC0-301F-11D3-BF4B-00C04F79EFBC}") = "Ex_22_sumOfAllDivisors", "Ex_22_sumOfAllDivisors\Ex_22_sumOfAllDivisors.csproj", "{EB255D26-1F99-4130-A1A6-2FFA7D2CC0D2}"
EndProject
Project("{FAE04EC0-301F-11D3-BF4B-00C04F79EFBC}") = "Ex_23_allDivisorsSumDividedByCount", "Ex_23_allDivisorsSumDividedByCount\Ex_23_allDivisorsSumDividedByCount.csproj", "{3CE99BA0-EF53-4187-B4AB-C823F5C4E1A8}"
EndProject
Project("{FAE04EC0-301F-11D3-BF4B-00C04F79EFBC}") = "Ex_24_powerOf3", "Ex_24_powerOf3\Ex_24_powerOf3.csproj", "{19D324DE-35DB-4678-AC11-37B36125FFE0}"
EndProject
Project("{FAE04EC0-301F-11D3-BF4B-00C04F79EFBC}") = "sevagir", "sevagir\sevagir.csproj", "{22B4D653-5DE8-4AB1-96B0-1466CC32E077}"
EndProject
Project("{FAE04EC0-301F-11D3-BF4B-00C04F79EFBC}") = "Ex_25_maxPowerOf2SubceedingN", "Ex_25_maxPowerOf2SubceedingN\Ex_25_maxPowerOf2SubceedingN.csproj", "{4051019A-97CC-410B-BBF0-B0CFEBFB2BB8}"
EndProject
Project("{FAE04EC0-301F-11D3-BF4B-00C04F79EFBC}") = "Ex_26_minPowerOf2ExceedingN", "Ex_26_minPowerOf2ExceedingN\Ex_26_minPowerOf2ExceedingN.csproj", "{3112F713-A1A4-476A-8BF9-F6C7F2A8F197}"
EndProject
Global
	GlobalSection(SolutionConfigurationPlatforms) = preSolution
		Debug|Any CPU = Debug|Any CPU
		Release|Any CPU = Release|Any CPU
	EndGlobalSection
	GlobalSection(ProjectConfigurationPlatforms) = postSolution
		{794D6869-5F73-4EF7-AC9E-250B974FD5AD}.Debug|Any CPU.ActiveCfg = Debug|Any CPU
		{794D6869-5F73-4EF7-AC9E-250B974FD5AD}.Debug|Any CPU.Build.0 = Debug|Any CPU
		{794D6869-5F73-4EF7-AC9E-250B974FD5AD}.Release|Any CPU.ActiveCfg = Release|Any CPU
		{794D6869-5F73-4EF7-AC9E-250B974FD5AD}.Release|Any CPU.Build.0 = Release|Any CPU
		{3517E95A-E2C6-4986-B92D-D8507B2CB74E}.Debug|Any CPU.ActiveCfg = Debug|Any CPU
		{3517E95A-E2C6-4986-B92D-D8507B2CB74E}.Debug|Any CPU.Build.0 = Debug|Any CPU
		{3517E95A-E2C6-4986-B92D-D8507B2CB74E}.Release|Any CPU.ActiveCfg = Release|Any CPU
		{3517E95A-E2C6-4986-B92D-D8507B2CB74E}.Release|Any CPU.Build.0 = Release|Any CPU
		{C95A7F19-89FA-4916-9D2B-9B07252BF73A}.Debug|Any CPU.ActiveCfg = Debug|Any CPU
		{C95A7F19-89FA-4916-9D2B-9B07252BF73A}.Debug|Any CPU.Build.0 = Debug|Any CPU
		{C95A7F19-89FA-4916-9D2B-9B07252BF73A}.Release|Any CPU.ActiveCfg = Release|Any CPU
		{C95A7F19-89FA-4916-9D2B-9B07252BF73A}.Release|Any CPU.Build.0 = Release|Any CPU
		{A74D3CEF-127E-4F63-B576-EF7287E4058F}.Debug|Any CPU.ActiveCfg = Debug|Any CPU
		{A74D3CEF-127E-4F63-B576-EF7287E4058F}.Debug|Any CPU.Build.0 = Debug|Any CPU
		{A74D3CEF-127E-4F63-B576-EF7287E4058F}.Release|Any CPU.ActiveCfg = Release|Any CPU
		{A74D3CEF-127E-4F63-B576-EF7287E4058F}.Release|Any CPU.Build.0 = Release|Any CPU
		{23E988F3-9CF1-49C9-B893-728C8BB5332A}.Debug|Any CPU.ActiveCfg = Debug|Any CPU
		{23E988F3-9CF1-49C9-B893-728C8BB5332A}.Debug|Any CPU.Build.0 = Debug|Any CPU
		{23E988F3-9CF1-49C9-B893-728C8BB5332A}.Release|Any CPU.ActiveCfg = Release|Any CPU
		{23E988F3-9CF1-49C9-B893-728C8BB5332A}.Release|Any CPU.Build.0 = Release|Any CPU
		{46957B51-E621-463B-A3EF-E1C6D712B525}.Debug|Any CPU.ActiveCfg = Debug|Any CPU
		{46957B51-E621-463B-A3EF-E1C6D712B525}.Debug|Any CPU.Build.0 = Debug|Any CPU
		{46957B51-E621-463B-A3EF-E1C6D712B525}.Release|Any CPU.ActiveCfg = Release|Any CPU
		{46957B51-E621-463B-A3EF-E1C6D712B525}.Release|Any CPU.Build.0 = Release|Any CPU
		{7A05BEA8-ABC3-4B87-83C3-A0DC77B053C0}.Debug|Any CPU.ActiveCfg = Debug|Any CPU
		{7A05BEA8-ABC3-4B87-83C3-A0DC77B053C0}.Debug|Any CPU.Build.0 = Debug|Any CPU
		{7A05BEA8-ABC3-4B87-83C3-A0DC77B053C0}.Release|Any CPU.ActiveCfg = Release|Any CPU
		{7A05BEA8-ABC3-4B87-83C3-A0DC77B053C0}.Release|Any CPU.Build.0 = Release|Any CPU
		{ECA9C798-6E46-4850-AC41-ED0D7335A2A4}.Debug|Any CPU.ActiveCfg = Debug|Any CPU
		{ECA9C798-6E46-4850-AC41-ED0D7335A2A4}.Debug|Any CPU.Build.0 = Debug|Any CPU
		{ECA9C798-6E46-4850-AC41-ED0D7335A2A4}.Release|Any CPU.ActiveCfg = Release|Any CPU
		{ECA9C798-6E46-4850-AC41-ED0D7335A2A4}.Release|Any CPU.Build.0 = Release|Any CPU
		{C9CF1772-550D-45B7-99DD-CF07210A4741}.Debug|Any CPU.ActiveCfg = Debug|Any CPU
		{C9CF1772-550D-45B7-99DD-CF07210A4741}.Debug|Any CPU.Build.0 = Debug|Any CPU
		{C9CF1772-550D-45B7-99DD-CF07210A4741}.Release|Any CPU.ActiveCfg = Release|Any CPU
		{C9CF1772-550D-45B7-99DD-CF07210A4741}.Release|Any CPU.Build.0 = Release|Any CPU
		{72EE1FBC-A46E-418F-900D-F1B5EF8ECDA3}.Debug|Any CPU.ActiveCfg = Debug|Any CPU
		{72EE1FBC-A46E-418F-900D-F1B5EF8ECDA3}.Debug|Any CPU.Build.0 = Debug|Any CPU
		{72EE1FBC-A46E-418F-900D-F1B5EF8ECDA3}.Release|Any CPU.ActiveCfg = Release|Any CPU
		{72EE1FBC-A46E-418F-900D-F1B5EF8ECDA3}.Release|Any CPU.Build.0 = Release|Any CPU
		{41BC61CC-9DC8-4729-A4FB-853E3A2C9247}.Debug|Any CPU.ActiveCfg = Debug|Any CPU
		{41BC61CC-9DC8-4729-A4FB-853E3A2C9247}.Debug|Any CPU.Build.0 = Debug|Any CPU
		{41BC61CC-9DC8-4729-A4FB-853E3A2C9247}.Release|Any CPU.ActiveCfg = Release|Any CPU
		{41BC61CC-9DC8-4729-A4FB-853E3A2C9247}.Release|Any CPU.Build.0 = Release|Any CPU
		{CFF81AFC-5296-47FA-AE44-7ECB72DF44CF}.Debug|Any CPU.ActiveCfg = Debug|Any CPU
		{CFF81AFC-5296-47FA-AE44-7ECB72DF44CF}.Debug|Any CPU.Build.0 = Debug|Any CPU
		{CFF81AFC-5296-47FA-AE44-7ECB72DF44CF}.Release|Any CPU.ActiveCfg = Release|Any CPU
		{CFF81AFC-5296-47FA-AE44-7ECB72DF44CF}.Release|Any CPU.Build.0 = Release|Any CPU
		{EBCC84B3-E967-467D-B639-AB7E25A064A3}.Debug|Any CPU.ActiveCfg = Debug|Any CPU
		{EBCC84B3-E967-467D-B639-AB7E25A064A3}.Debug|Any CPU.Build.0 = Debug|Any CPU
		{EBCC84B3-E967-467D-B639-AB7E25A064A3}.Release|Any CPU.ActiveCfg = Release|Any CPU
		{EBCC84B3-E967-467D-B639-AB7E25A064A3}.Release|Any CPU.Build.0 = Release|Any CPU
		{C174014F-96EA-435F-B9DA-7804F6B9C9C6}.Debug|Any CPU.ActiveCfg = Debug|Any CPU
		{C174014F-96EA-435F-B9DA-7804F6B9C9C6}.Debug|Any CPU.Build.0 = Debug|Any CPU
		{C174014F-96EA-435F-B9DA-7804F6B9C9C6}.Release|Any CPU.ActiveCfg = Release|Any CPU
		{C174014F-96EA-435F-B9DA-7804F6B9C9C6}.Release|Any CPU.Build.0 = Release|Any CPU
		{7354989D-3806-493D-A8EA-0C3A17D5E3E3}.Debug|Any CPU.ActiveCfg = Debug|Any CPU
		{7354989D-3806-493D-A8EA-0C3A17D5E3E3}.Debug|Any CPU.Build.0 = Debug|Any CPU
		{7354989D-3806-493D-A8EA-0C3A17D5E3E3}.Release|Any CPU.ActiveCfg = Release|Any CPU
		{7354989D-3806-493D-A8EA-0C3A17D5E3E3}.Release|Any CPU.Build.0 = Release|Any CPU
		{DCE8CDE6-D676-4862-8305-E6739D018EA4}.Debug|Any CPU.ActiveCfg = Debug|Any CPU
		{DCE8CDE6-D676-4862-8305-E6739D018EA4}.Debug|Any CPU.Build.0 = Debug|Any CPU
		{DCE8CDE6-D676-4862-8305-E6739D018EA4}.Release|Any CPU.ActiveCfg = Release|Any CPU
		{DCE8CDE6-D676-4862-8305-E6739D018EA4}.Release|Any CPU.Build.0 = Release|Any CPU
		{C8DAD7F6-A26E-4463-965B-618FA2A3A41D}.Debug|Any CPU.ActiveCfg = Debug|Any CPU
		{C8DAD7F6-A26E-4463-965B-618FA2A3A41D}.Debug|Any CPU.Build.0 = Debug|Any CPU
		{C8DAD7F6-A26E-4463-965B-618FA2A3A41D}.Release|Any CPU.ActiveCfg = Release|Any CPU
		{C8DAD7F6-A26E-4463-965B-618FA2A3A41D}.Release|Any CPU.Build.0 = Release|Any CPU
		{6C3D4973-593F-4F77-8348-5F1E97C0859B}.Debug|Any CPU.ActiveCfg = Debug|Any CPU
		{6C3D4973-593F-4F77-8348-5F1E97C0859B}.Debug|Any CPU.Build.0 = Debug|Any CPU
		{6C3D4973-593F-4F77-8348-5F1E97C0859B}.Release|Any CPU.ActiveCfg = Release|Any CPU
		{6C3D4973-593F-4F77-8348-5F1E97C0859B}.Release|Any CPU.Build.0 = Release|Any CPU
		{8885016E-C971-4996-BB17-98D83479FDA2}.Debug|Any CPU.ActiveCfg = Debug|Any CPU
		{8885016E-C971-4996-BB17-98D83479FDA2}.Debug|Any CPU.Build.0 = Debug|Any CPU
		{8885016E-C971-4996-BB17-98D83479FDA2}.Release|Any CPU.ActiveCfg = Release|Any CPU
		{8885016E-C971-4996-BB17-98D83479FDA2}.Release|Any CPU.Build.0 = Release|Any CPU
		{EF4C5AF0-F226-41A9-BC51-E0A505BB762C}.Debug|Any CPU.ActiveCfg = Debug|Any CPU
		{EF4C5AF0-F226-41A9-BC51-E0A505BB762C}.Debug|Any CPU.Build.0 = Debug|Any CPU
		{EF4C5AF0-F226-41A9-BC51-E0A505BB762C}.Release|Any CPU.ActiveCfg = Release|Any CPU
		{EF4C5AF0-F226-41A9-BC51-E0A505BB762C}.Release|Any CPU.Build.0 = Release|Any CPU
		{0E218B24-3539-469F-95BF-7D501810CB98}.Debug|Any CPU.ActiveCfg = Debug|Any CPU
		{0E218B24-3539-469F-95BF-7D501810CB98}.Debug|Any CPU.Build.0 = Debug|Any CPU
		{0E218B24-3539-469F-95BF-7D501810CB98}.Release|Any CPU.ActiveCfg = Release|Any CPU
		{0E218B24-3539-469F-95BF-7D501810CB98}.Release|Any CPU.Build.0 = Release|Any CPU
		{9EA7A975-4F5B-42C9-AB63-EFDC64AACC63}.Debug|Any CPU.ActiveCfg = Debug|Any CPU
		{9EA7A975-4F5B-42C9-AB63-EFDC64AACC63}.Debug|Any CPU.Build.0 = Debug|Any CPU
		{9EA7A975-4F5B-42C9-AB63-EFDC64AACC63}.Release|Any CPU.ActiveCfg = Release|Any CPU
		{9EA7A975-4F5B-42C9-AB63-EFDC64AACC63}.Release|Any CPU.Build.0 = Release|Any CPU
		{F8D0CCF9-840F-4D36-9AB6-A6E47DCB3258}.Debug|Any CPU.ActiveCfg = Debug|Any CPU
		{F8D0CCF9-840F-4D36-9AB6-A6E47DCB3258}.Debug|Any CPU.Build.0 = Debug|Any CPU
		{F8D0CCF9-840F-4D36-9AB6-A6E47DCB3258}.Release|Any CPU.ActiveCfg = Release|Any CPU
		{F8D0CCF9-840F-4D36-9AB6-A6E47DCB3258}.Release|Any CPU.Build.0 = Release|Any CPU
		{ECD213BC-4EBA-4DB0-A12B-FE2D460FCF90}.Debug|Any CPU.ActiveCfg = Debug|Any CPU
		{ECD213BC-4EBA-4DB0-A12B-FE2D460FCF90}.Debug|Any CPU.Build.0 = Debug|Any CPU
		{ECD213BC-4EBA-4DB0-A12B-FE2D460FCF90}.Release|Any CPU.ActiveCfg = Release|Any CPU
		{ECD213BC-4EBA-4DB0-A12B-FE2D460FCF90}.Release|Any CPU.Build.0 = Release|Any CPU
		{452152BA-3A48-4CF3-915E-20618273FF75}.Debug|Any CPU.ActiveCfg = Debug|Any CPU
		{452152BA-3A48-4CF3-915E-20618273FF75}.Debug|Any CPU.Build.0 = Debug|Any CPU
		{452152BA-3A48-4CF3-915E-20618273FF75}.Release|Any CPU.ActiveCfg = Release|Any CPU
		{452152BA-3A48-4CF3-915E-20618273FF75}.Release|Any CPU.Build.0 = Release|Any CPU
		{EB255D26-1F99-4130-A1A6-2FFA7D2CC0D2}.Debug|Any CPU.ActiveCfg = Debug|Any CPU
		{EB255D26-1F99-4130-A1A6-2FFA7D2CC0D2}.Debug|Any CPU.Build.0 = Debug|Any CPU
		{EB255D26-1F99-4130-A1A6-2FFA7D2CC0D2}.Release|Any CPU.ActiveCfg = Release|Any CPU
		{EB255D26-1F99-4130-A1A6-2FFA7D2CC0D2}.Release|Any CPU.Build.0 = Release|Any CPU
		{3CE99BA0-EF53-4187-B4AB-C823F5C4E1A8}.Debug|Any CPU.ActiveCfg = Debug|Any CPU
		{3CE99BA0-EF53-4187-B4AB-C823F5C4E1A8}.Debug|Any CPU.Build.0 = Debug|Any CPU
		{3CE99BA0-EF53-4187-B4AB-C823F5C4E1A8}.Release|Any CPU.ActiveCfg = Release|Any CPU
		{3CE99BA0-EF53-4187-B4AB-C823F5C4E1A8}.Release|Any CPU.Build.0 = Release|Any CPU
		{19D324DE-35DB-4678-AC11-37B36125FFE0}.Debug|Any CPU.ActiveCfg = Debug|Any CPU
		{19D324DE-35DB-4678-AC11-37B36125FFE0}.Debug|Any CPU.Build.0 = Debug|Any CPU
		{19D324DE-35DB-4678-AC11-37B36125FFE0}.Release|Any CPU.ActiveCfg = Release|Any CPU
		{19D324DE-35DB-4678-AC11-37B36125FFE0}.Release|Any CPU.Build.0 = Release|Any CPU
		{22B4D653-5DE8-4AB1-96B0-1466CC32E077}.Debug|Any CPU.ActiveCfg = Debug|Any CPU
		{22B4D653-5DE8-4AB1-96B0-1466CC32E077}.Debug|Any CPU.Build.0 = Debug|Any CPU
		{22B4D653-5DE8-4AB1-96B0-1466CC32E077}.Release|Any CPU.ActiveCfg = Release|Any CPU
		{22B4D653-5DE8-4AB1-96B0-1466CC32E077}.Release|Any CPU.Build.0 = Release|Any CPU
		{4051019A-97CC-410B-BBF0-B0CFEBFB2BB8}.Debug|Any CPU.ActiveCfg = Debug|Any CPU
		{4051019A-97CC-410B-BBF0-B0CFEBFB2BB8}.Debug|Any CPU.Build.0 = Debug|Any CPU
		{4051019A-97CC-410B-BBF0-B0CFEBFB2BB8}.Release|Any CPU.ActiveCfg = Release|Any CPU
		{4051019A-97CC-410B-BBF0-B0CFEBFB2BB8}.Release|Any CPU.Build.0 = Release|Any CPU
		{3112F713-A1A4-476A-8BF9-F6C7F2A8F197}.Debug|Any CPU.ActiveCfg = Debug|Any CPU
		{3112F713-A1A4-476A-8BF9-F6C7F2A8F197}.Debug|Any CPU.Build.0 = Debug|Any CPU
		{3112F713-A1A4-476A-8BF9-F6C7F2A8F197}.Release|Any CPU.ActiveCfg = Release|Any CPU
		{3112F713-A1A4-476A-8BF9-F6C7F2A8F197}.Release|Any CPU.Build.0 = Release|Any CPU
	EndGlobalSection
	GlobalSection(SolutionProperties) = preSolution
		HideSolutionNode = FALSE
	EndGlobalSection
	GlobalSection(NestedProjects) = preSolution
		{46957B51-E621-463B-A3EF-E1C6D712B525} = {6C5BD935-04B2-49F3-8AA9-AC8F6E768865}
		{7A05BEA8-ABC3-4B87-83C3-A0DC77B053C0} = {6C5BD935-04B2-49F3-8AA9-AC8F6E768865}
		{ECA9C798-6E46-4850-AC41-ED0D7335A2A4} = {6C5BD935-04B2-49F3-8AA9-AC8F6E768865}
		{C9CF1772-550D-45B7-99DD-CF07210A4741} = {6C5BD935-04B2-49F3-8AA9-AC8F6E768865}
		{72EE1FBC-A46E-418F-900D-F1B5EF8ECDA3} = {6C5BD935-04B2-49F3-8AA9-AC8F6E768865}
		{41BC61CC-9DC8-4729-A4FB-853E3A2C9247} = {6C5BD935-04B2-49F3-8AA9-AC8F6E768865}
		{CFF81AFC-5296-47FA-AE44-7ECB72DF44CF} = {6C5BD935-04B2-49F3-8AA9-AC8F6E768865}
		{EBCC84B3-E967-467D-B639-AB7E25A064A3} = {6C5BD935-04B2-49F3-8AA9-AC8F6E768865}
		{C174014F-96EA-435F-B9DA-7804F6B9C9C6} = {6C5BD935-04B2-49F3-8AA9-AC8F6E768865}
		{7354989D-3806-493D-A8EA-0C3A17D5E3E3} = {6C5BD935-04B2-49F3-8AA9-AC8F6E768865}
		{DCE8CDE6-D676-4862-8305-E6739D018EA4} = {6C5BD935-04B2-49F3-8AA9-AC8F6E768865}
		{C8DAD7F6-A26E-4463-965B-618FA2A3A41D} = {6C5BD935-04B2-49F3-8AA9-AC8F6E768865}
		{6C3D4973-593F-4F77-8348-5F1E97C0859B} = {194E52C0-A4C7-4689-BBF6-C1D168885092}
		{8885016E-C971-4996-BB17-98D83479FDA2} = {194E52C0-A4C7-4689-BBF6-C1D168885092}
		{EF4C5AF0-F226-41A9-BC51-E0A505BB762C} = {194E52C0-A4C7-4689-BBF6-C1D168885092}
		{0E218B24-3539-469F-95BF-7D501810CB98} = {194E52C0-A4C7-4689-BBF6-C1D168885092}
		{9EA7A975-4F5B-42C9-AB63-EFDC64AACC63} = {194E52C0-A4C7-4689-BBF6-C1D168885092}
		{F8D0CCF9-840F-4D36-9AB6-A6E47DCB3258} = {23A90224-1519-40A5-BCF4-59416C441A99}
		{ECD213BC-4EBA-4DB0-A12B-FE2D460FCF90} = {23A90224-1519-40A5-BCF4-59416C441A99}
		{452152BA-3A48-4CF3-915E-20618273FF75} = {194E52C0-A4C7-4689-BBF6-C1D168885092}
		{EB255D26-1F99-4130-A1A6-2FFA7D2CC0D2} = {194E52C0-A4C7-4689-BBF6-C1D168885092}
		{3CE99BA0-EF53-4187-B4AB-C823F5C4E1A8} = {194E52C0-A4C7-4689-BBF6-C1D168885092}
		{19D324DE-35DB-4678-AC11-37B36125FFE0} = {194E52C0-A4C7-4689-BBF6-C1D168885092}
		{4051019A-97CC-410B-BBF0-B0CFEBFB2BB8} = {194E52C0-A4C7-4689-BBF6-C1D168885092}
		{3112F713-A1A4-476A-8BF9-F6C7F2A8F197} = {194E52C0-A4C7-4689-BBF6-C1D168885092}
	EndGlobalSection
	GlobalSection(ExtensibilityGlobals) = postSolution
		SolutionGuid = {AA9BFD3A-97D5-4590-B374-895F880C289D}
	EndGlobalSection
EndGlobal
