
Microsoft Visual Studio Solution File, Format Version 12.00
# Visual Studio 15
VisualStudioVersion = 15.0.28010.2036
MinimumVisualStudioVersion = 10.0.40219.1
Project("{FAE04EC0-301F-11D3-BF4B-00C04F79EFBC}") = "Homework_2", "Homework_2\Homework_2.csproj", "{794D6869-5F73-4EF7-AC9E-250B974FD5AD}"
EndProject
Project("{FAE04EC0-301F-11D3-BF4B-00C04F79EFBC}") = "Homework_3", "Homework_3\Homework_3.csproj", "{3517E95A-E2C6-4986-B92D-D8507B2CB74E}"
EndProject
Project("{FAE04EC0-301F-11D3-BF4B-00C04F79EFBC}") = "Homework_4_calculator", "Homework_4_calculator\Homework_4_calculator.csproj", "{C95A7F19-89FA-4916-9D2B-9B07252BF73A}"
EndProject
Project("{FAE04EC0-301F-11D3-BF4B-00C04F79EFBC}") = "Homework_6_sumOfDigits", "Homework_6_sumOfDigits\Homework_6_sumOfDigits.csproj", "{A74D3CEF-127E-4F63-B576-EF7287E4058F}"
EndProject
Global
	GlobalSection(SolutionConfigurationPlatforms) = preSolution
		Debug|Any CPU = Debug|Any CPU
		Release|Any CPU = Release|Any CPU
	EndGlobalSection
	GlobalSection(ProjectConfigurationPlatforms) = postSolution
		{794D6869-5F73-4EF7-AC9E-250B974FD5AD}.Debug|Any CPU.ActiveCfg = Debug|Any CPU
		{794D6869-5F73-4EF7-AC9E-250B974FD5AD}.Debug|Any CPU.Build.0 = Debug|Any CPU
		{794D6869-5F73-4EF7-AC9E-250B974FD5AD}.Release|Any CPU.ActiveCfg = Release|Any CPU
		{794D6869-5F73-4EF7-AC9E-250B974FD5AD}.Release|Any CPU.Build.0 = Release|Any CPU
		{3517E95A-E2C6-4986-B92D-D8507B2CB74E}.Debug|Any CPU.ActiveCfg = Debug|Any CPU
		{3517E95A-E2C6-4986-B92D-D8507B2CB74E}.Debug|Any CPU.Build.0 = Debug|Any CPU
		{3517E95A-E2C6-4986-B92D-D8507B2CB74E}.Release|Any CPU.ActiveCfg = Release|Any CPU
		{3517E95A-E2C6-4986-B92D-D8507B2CB74E}.Release|Any CPU.Build.0 = Release|Any CPU
		{C95A7F19-89FA-4916-9D2B-9B07252BF73A}.Debug|Any CPU.ActiveCfg = Debug|Any CPU
		{C95A7F19-89FA-4916-9D2B-9B07252BF73A}.Debug|Any CPU.Build.0 = Debug|Any CPU
		{C95A7F19-89FA-4916-9D2B-9B07252BF73A}.Release|Any CPU.ActiveCfg = Release|Any CPU
		{C95A7F19-89FA-4916-9D2B-9B07252BF73A}.Release|Any CPU.Build.0 = Release|Any CPU
		{A74D3CEF-127E-4F63-B576-EF7287E4058F}.Debug|Any CPU.ActiveCfg = Debug|Any CPU
		{A74D3CEF-127E-4F63-B576-EF7287E4058F}.Debug|Any CPU.Build.0 = Debug|Any CPU
		{A74D3CEF-127E-4F63-B576-EF7287E4058F}.Release|Any CPU.ActiveCfg = Release|Any CPU
		{A74D3CEF-127E-4F63-B576-EF7287E4058F}.Release|Any CPU.Build.0 = Release|Any CPU
	EndGlobalSection
	GlobalSection(SolutionProperties) = preSolution
		HideSolutionNode = FALSE
	EndGlobalSection
	GlobalSection(ExtensibilityGlobals) = postSolution
		SolutionGuid = {AA9BFD3A-97D5-4590-B374-895F880C289D}
	EndGlobalSection
EndGlobal
